// !$*UTF8*$!
{
	archiveVersion = 1;
	classes = {
	};
	objectVersion = 50;
	objects = {

/* Begin PBXBuildFile section */
		BB034F38263BABB50000A498 /* SystemAudio.m in Sources */ = {isa = PBXBuildFile; fileRef = BB034F37263BABB50000A498 /* SystemAudio.m */; };
		BB034F3D263BABCA0000A498 /* CoreAudio.framework in Frameworks */ = {isa = PBXBuildFile; fileRef = BB034F3C263BABCA0000A498 /* CoreAudio.framework */; };
		BB30BE812648C05F00260EA7 /* libbsm.tbd in Frameworks */ = {isa = PBXBuildFile; fileRef = BB30BE802648C02300260EA7 /* libbsm.tbd */; };
		BB30BE852648D51300260EA7 /* AudioContext.m in Sources */ = {isa = PBXBuildFile; fileRef = BB30BE842648D51300260EA7 /* AudioContext.m */; };
		BBCCD729265AC133007C3BB4 /* Hooks.m in Sources */ = {isa = PBXBuildFile; fileRef = BBCCD728265AC133007C3BB4 /* Hooks.m */; };
		BBCCD72C265AD43D007C3BB4 /* AudioToolbox.framework in Frameworks */ = {isa = PBXBuildFile; fileRef = BBCCD72B265AD43D007C3BB4 /* AudioToolbox.framework */; };
		BBCCD7B6265B76F1007C3BB4 /* TPCircularBuffer.c in Sources */ = {isa = PBXBuildFile; fileRef = BBCCD7B5265B76F1007C3BB4 /* TPCircularBuffer.c */; };
/* End PBXBuildFile section */

/* Begin PBXFileReference section */
		BB034F2D263BAB300000A498 /* System Audio.driver */ = {isa = PBXFileReference; explicitFileType = wrapper.cfbundle; includeInIndex = 0; path = "System Audio.driver"; sourceTree = BUILT_PRODUCTS_DIR; };
		BB034F30263BAB300000A498 /* Info.plist */ = {isa = PBXFileReference; lastKnownFileType = text.plist.xml; path = Info.plist; sourceTree = "<group>"; };
		BB034F37263BABB50000A498 /* SystemAudio.m */ = {isa = PBXFileReference; lastKnownFileType = sourcecode.c.objc; path = SystemAudio.m; sourceTree = "<group>"; };
		BB034F3C263BABCA0000A498 /* CoreAudio.framework */ = {isa = PBXFileReference; lastKnownFileType = wrapper.framework; name = CoreAudio.framework; path = System/Library/Frameworks/CoreAudio.framework; sourceTree = SDKROOT; };
		BB30BE802648C02300260EA7 /* libbsm.tbd */ = {isa = PBXFileReference; lastKnownFileType = "sourcecode.text-based-dylib-definition"; name = libbsm.tbd; path = usr/lib/libbsm.tbd; sourceTree = SDKROOT; };
		BB30BE832648D51300260EA7 /* AudioContext.h */ = {isa = PBXFileReference; lastKnownFileType = sourcecode.c.h; path = AudioContext.h; sourceTree = "<group>"; };
		BB30BE842648D51300260EA7 /* AudioContext.m */ = {isa = PBXFileReference; lastKnownFileType = sourcecode.c.objc; path = AudioContext.m; sourceTree = "<group>"; };
		BB3FE52C266DE16700E75E21 /* SystemAudio.h */ = {isa = PBXFileReference; lastKnownFileType = sourcecode.c.h; path = SystemAudio.h; sourceTree = "<group>"; };
		BBCCD728265AC133007C3BB4 /* Hooks.m */ = {isa = PBXFileReference; lastKnownFileType = sourcecode.c.objc; path = Hooks.m; sourceTree = "<group>"; };
		BBCCD72B265AD43D007C3BB4 /* AudioToolbox.framework */ = {isa = PBXFileReference; lastKnownFileType = wrapper.framework; name = AudioToolbox.framework; path = System/Library/Frameworks/AudioToolbox.framework; sourceTree = SDKROOT; };
		BBCCD7B4265B76E9007C3BB4 /* TPCircularBuffer.h */ = {isa = PBXFileReference; lastKnownFileType = sourcecode.c.h; path = TPCircularBuffer.h; sourceTree = "<group>"; };
		BBCCD7B5265B76F1007C3BB4 /* TPCircularBuffer.c */ = {isa = PBXFileReference; fileEncoding = 4; lastKnownFileType = sourcecode.c.c; path = TPCircularBuffer.c; sourceTree = "<group>"; };
/* End PBXFileReference section */

/* Begin PBXFrameworksBuildPhase section */
		BB034F2A263BAB300000A498 /* Frameworks */ = {
			isa = PBXFrameworksBuildPhase;
			buildActionMask = 2147483647;
			files = (
				BB034F3D263BABCA0000A498 /* CoreAudio.framework in Frameworks */,
				BB30BE812648C05F00260EA7 /* libbsm.tbd in Frameworks */,
				BBCCD72C265AD43D007C3BB4 /* AudioToolbox.framework in Frameworks */,
			);
			runOnlyForDeploymentPostprocessing = 0;
		};
/* End PBXFrameworksBuildPhase section */

/* Begin PBXGroup section */
		BB034F24263BAB300000A498 = {
			isa = PBXGroup;
			children = (
				BB034F2F263BAB300000A498 /* System Audio */,
				BB034F2E263BAB300000A498 /* Products */,
				BB034F3B263BABCA0000A498 /* Frameworks */,
			);
			sourceTree = "<group>";
		};
		BB034F2E263BAB300000A498 /* Products */ = {
			isa = PBXGroup;
			children = (
				BB034F2D263BAB300000A498 /* System Audio.driver */,
			);
			name = Products;
			sourceTree = "<group>";
		};
		BB034F2F263BAB300000A498 /* System Audio */ = {
			isa = PBXGroup;
			children = (
				BB3FE52C266DE16700E75E21 /* SystemAudio.h */,
				BB034F37263BABB50000A498 /* SystemAudio.m */,
				BBCCD728265AC133007C3BB4 /* Hooks.m */,
				BB30BE832648D51300260EA7 /* AudioContext.h */,
				BB30BE842648D51300260EA7 /* AudioContext.m */,
				BB034F30263BAB300000A498 /* Info.plist */,
				BBCCD7B4265B76E9007C3BB4 /* TPCircularBuffer.h */,
				BBCCD7B5265B76F1007C3BB4 /* TPCircularBuffer.c */,
			);
			path = "System Audio";
			sourceTree = "<group>";
		};
		BB034F3B263BABCA0000A498 /* Frameworks */ = {
			isa = PBXGroup;
			children = (
				BBCCD72B265AD43D007C3BB4 /* AudioToolbox.framework */,
				BB30BE802648C02300260EA7 /* libbsm.tbd */,
				BB034F3C263BABCA0000A498 /* CoreAudio.framework */,
			);
			name = Frameworks;
			sourceTree = "<group>";
		};
/* End PBXGroup section */

/* Begin PBXNativeTarget section */
		BB034F2C263BAB300000A498 /* System Audio */ = {
			isa = PBXNativeTarget;
			buildConfigurationList = BB034F33263BAB300000A498 /* Build configuration list for PBXNativeTarget "System Audio" */;
			buildPhases = (
				BB034F29263BAB300000A498 /* Sources */,
				BB034F2A263BAB300000A498 /* Frameworks */,
				BB034F2B263BAB300000A498 /* Resources */,
			);
			buildRules = (
			);
			dependencies = (
			);
			name = "System Audio";
			productName = "System Audio";
			productReference = BB034F2D263BAB300000A498 /* System Audio.driver */;
			productType = "com.apple.product-type.bundle";
		};
/* End PBXNativeTarget section */

/* Begin PBXProject section */
		BB034F25263BAB300000A498 /* Project object */ = {
			isa = PBXProject;
			attributes = {
				LastUpgradeCheck = 1240;
				TargetAttributes = {
					BB034F2C263BAB300000A498 = {
						CreatedOnToolsVersion = 12.4;
					};
				};
			};
			buildConfigurationList = BB034F28263BAB300000A498 /* Build configuration list for PBXProject "System Audio" */;
			compatibilityVersion = "Xcode 9.3";
			developmentRegion = en;
			hasScannedForEncodings = 0;
			knownRegions = (
				en,
				Base,
			);
			mainGroup = BB034F24263BAB300000A498;
			productRefGroup = BB034F2E263BAB300000A498 /* Products */;
			projectDirPath = "";
			projectRoot = "";
			targets = (
				BB034F2C263BAB300000A498 /* System Audio */,
			);
		};
/* End PBXProject section */

/* Begin PBXResourcesBuildPhase section */
		BB034F2B263BAB300000A498 /* Resources */ = {
			isa = PBXResourcesBuildPhase;
			buildActionMask = 2147483647;
			files = (
			);
			runOnlyForDeploymentPostprocessing = 0;
		};
/* End PBXResourcesBuildPhase section */

/* Begin PBXSourcesBuildPhase section */
		BB034F29263BAB300000A498 /* Sources */ = {
			isa = PBXSourcesBuildPhase;
			buildActionMask = 2147483647;
			files = (
				BBCCD729265AC133007C3BB4 /* Hooks.m in Sources */,
				BB30BE852648D51300260EA7 /* AudioContext.m in Sources */,
				BBCCD7B6265B76F1007C3BB4 /* TPCircularBuffer.c in Sources */,
				BB034F38263BABB50000A498 /* SystemAudio.m in Sources */,
			);
			runOnlyForDeploymentPostprocessing = 0;
		};
/* End PBXSourcesBuildPhase section */

/* Begin XCBuildConfiguration section */
		BB034F31263BAB300000A498 /* Debug */ = {
			isa = XCBuildConfiguration;
			buildSettings = {
				ALWAYS_SEARCH_USER_PATHS = NO;
				CLANG_ANALYZER_NONNULL = YES;
				CLANG_ANALYZER_NUMBER_OBJECT_CONVERSION = YES_AGGRESSIVE;
				CLANG_CXX_LANGUAGE_STANDARD = "gnu++14";
				CLANG_CXX_LIBRARY = "libc++";
				CLANG_ENABLE_MODULES = YES;
				CLANG_ENABLE_OBJC_ARC = YES;
				CLANG_ENABLE_OBJC_WEAK = YES;
				CLANG_WARN_BLOCK_CAPTURE_AUTORELEASING = YES;
				CLANG_WARN_BOOL_CONVERSION = YES;
				CLANG_WARN_COMMA = YES;
				CLANG_WARN_CONSTANT_CONVERSION = YES;
				CLANG_WARN_DEPRECATED_OBJC_IMPLEMENTATIONS = YES;
				CLANG_WARN_DIRECT_OBJC_ISA_USAGE = YES_ERROR;
				CLANG_WARN_DOCUMENTATION_COMMENTS = YES;
				CLANG_WARN_EMPTY_BODY = YES;
				CLANG_WARN_ENUM_CONVERSION = YES;
				CLANG_WARN_INFINITE_RECURSION = YES;
				CLANG_WARN_INT_CONVERSION = YES;
				CLANG_WARN_NON_LITERAL_NULL_CONVERSION = YES;
				CLANG_WARN_OBJC_IMPLICIT_RETAIN_SELF = YES;
				CLANG_WARN_OBJC_LITERAL_CONVERSION = YES;
				CLANG_WARN_OBJC_ROOT_CLASS = YES_ERROR;
				CLANG_WARN_QUOTED_INCLUDE_IN_FRAMEWORK_HEADER = YES;
				CLANG_WARN_RANGE_LOOP_ANALYSIS = YES;
				CLANG_WARN_STRICT_PROTOTYPES = YES;
				CLANG_WARN_SUSPICIOUS_MOVE = YES;
				CLANG_WARN_UNGUARDED_AVAILABILITY = YES_AGGRESSIVE;
				CLANG_WARN_UNREACHABLE_CODE = YES;
				CLANG_WARN__DUPLICATE_METHOD_MATCH = YES;
				COPY_PHASE_STRIP = NO;
				DEBUG_INFORMATION_FORMAT = dwarf;
				ENABLE_STRICT_OBJC_MSGSEND = YES;
				ENABLE_TESTABILITY = YES;
				GCC_C_LANGUAGE_STANDARD = gnu11;
				GCC_DYNAMIC_NO_PIC = NO;
				GCC_NO_COMMON_BLOCKS = YES;
				GCC_OPTIMIZATION_LEVEL = 0;
				GCC_PREPROCESSOR_DEFINITIONS = (
					"DEBUG=1",
					"$(inherited)",
				);
				GCC_WARN_64_TO_32_BIT_CONVERSION = YES;
				GCC_WARN_ABOUT_RETURN_TYPE = YES_ERROR;
				GCC_WARN_UNDECLARED_SELECTOR = YES;
				GCC_WARN_UNINITIALIZED_AUTOS = YES_AGGRESSIVE;
				GCC_WARN_UNUSED_FUNCTION = YES;
				GCC_WARN_UNUSED_VARIABLE = YES;
				MACOSX_DEPLOYMENT_TARGET = 10.15;
				MTL_ENABLE_DEBUG_INFO = INCLUDE_SOURCE;
				MTL_FAST_MATH = YES;
				ONLY_ACTIVE_ARCH = YES;
				SDKROOT = macosx;
			};
			name = Debug;
		};
		BB034F32263BAB300000A498 /* Release */ = {
			isa = XCBuildConfiguration;
			buildSettings = {
				ALWAYS_SEARCH_USER_PATHS = NO;
				CLANG_ANALYZER_NONNULL = YES;
				CLANG_ANALYZER_NUMBER_OBJECT_CONVERSION = YES_AGGRESSIVE;
				CLANG_CXX_LANGUAGE_STANDARD = "gnu++14";
				CLANG_CXX_LIBRARY = "libc++";
				CLANG_ENABLE_MODULES = YES;
				CLANG_ENABLE_OBJC_ARC = YES;
				CLANG_ENABLE_OBJC_WEAK = YES;
				CLANG_WARN_BLOCK_CAPTURE_AUTORELEASING = YES;
				CLANG_WARN_BOOL_CONVERSION = YES;
				CLANG_WARN_COMMA = YES;
				CLANG_WARN_CONSTANT_CONVERSION = YES;
				CLANG_WARN_DEPRECATED_OBJC_IMPLEMENTATIONS = YES;
				CLANG_WARN_DIRECT_OBJC_ISA_USAGE = YES_ERROR;
				CLANG_WARN_DOCUMENTATION_COMMENTS = YES;
				CLANG_WARN_EMPTY_BODY = YES;
				CLANG_WARN_ENUM_CONVERSION = YES;
				CLANG_WARN_INFINITE_RECURSION = YES;
				CLANG_WARN_INT_CONVERSION = YES;
				CLANG_WARN_NON_LITERAL_NULL_CONVERSION = YES;
				CLANG_WARN_OBJC_IMPLICIT_RETAIN_SELF = YES;
				CLANG_WARN_OBJC_LITERAL_CONVERSION = YES;
				CLANG_WARN_OBJC_ROOT_CLASS = YES_ERROR;
				CLANG_WARN_QUOTED_INCLUDE_IN_FRAMEWORK_HEADER = YES;
				CLANG_WARN_RANGE_LOOP_ANALYSIS = YES;
				CLANG_WARN_STRICT_PROTOTYPES = YES;
				CLANG_WARN_SUSPICIOUS_MOVE = YES;
				CLANG_WARN_UNGUARDED_AVAILABILITY = YES_AGGRESSIVE;
				CLANG_WARN_UNREACHABLE_CODE = YES;
				CLANG_WARN__DUPLICATE_METHOD_MATCH = YES;
				COPY_PHASE_STRIP = NO;
				DEBUG_INFORMATION_FORMAT = "dwarf-with-dsym";
				ENABLE_NS_ASSERTIONS = NO;
				ENABLE_STRICT_OBJC_MSGSEND = YES;
				GCC_C_LANGUAGE_STANDARD = gnu11;
				GCC_NO_COMMON_BLOCKS = YES;
				GCC_WARN_64_TO_32_BIT_CONVERSION = YES;
				GCC_WARN_ABOUT_RETURN_TYPE = YES_ERROR;
				GCC_WARN_UNDECLARED_SELECTOR = YES;
				GCC_WARN_UNINITIALIZED_AUTOS = YES_AGGRESSIVE;
				GCC_WARN_UNUSED_FUNCTION = YES;
				GCC_WARN_UNUSED_VARIABLE = YES;
				MACOSX_DEPLOYMENT_TARGET = 10.15;
				MTL_ENABLE_DEBUG_INFO = NO;
				MTL_FAST_MATH = YES;
				SDKROOT = macosx;
			};
			name = Release;
		};
		BB034F34263BAB300000A498 /* Debug */ = {
			isa = XCBuildConfiguration;
			buildSettings = {
				CODE_SIGN_IDENTITY = "Apple Development";
				CODE_SIGN_STYLE = Automatic;
				COMBINE_HIDPI_IMAGES = YES;
				DEVELOPMENT_TEAM = CK5SXRTBR7;
				INFOPLIST_FILE = "System Audio/Info.plist";
				INSTALL_PATH = "$(LOCAL_LIBRARY_DIR)/Audio/Plug-Ins/HAL";
				PRODUCT_BUNDLE_IDENTIFIER = "com.tbodt.System-Audio";
				PRODUCT_NAME = "$(TARGET_NAME)";
				WRAPPER_EXTENSION = driver;
			};
			name = Debug;
		};
		BB034F35263BAB300000A498 /* Release */ = {
			isa = XCBuildConfiguration;
			buildSettings = {
				CODE_SIGN_IDENTITY = "Apple Development";
				CODE_SIGN_STYLE = Automatic;
				COMBINE_HIDPI_IMAGES = YES;
				DEVELOPMENT_TEAM = CK5SXRTBR7;
				INFOPLIST_FILE = "System Audio/Info.plist";
				INSTALL_PATH = "$(LOCAL_LIBRARY_DIR)/Audio/Plug-Ins/HAL";
				PRODUCT_BUNDLE_IDENTIFIER = "com.tbodt.System-Audio";
				PRODUCT_NAME = "$(TARGET_NAME)";
				WRAPPER_EXTENSION = driver;
			};
			name = Release;
		};
/* End XCBuildConfiguration section */

/* Begin XCConfigurationList section */
		BB034F28263BAB300000A498 /* Build configuration list for PBXProject "System Audio" */ = {
			isa = XCConfigurationList;
			buildConfigurations = (
				BB034F31263BAB300000A498 /* Debug */,
				BB034F32263BAB300000A498 /* Release */,
			);
			defaultConfigurationIsVisible = 0;
			defaultConfigurationName = Release;
		};
		BB034F33263BAB300000A498 /* Build configuration list for PBXNativeTarget "System Audio" */ = {
			isa = XCConfigurationList;
			buildConfigurations = (
				BB034F34263BAB300000A498 /* Debug */,
				BB034F35263BAB300000A498 /* Release */,
			);
			defaultConfigurationIsVisible = 0;
			defaultConfigurationName = Release;
		};
/* End XCConfigurationList section */
	};
	rootObject = BB034F25263BAB300000A498 /* Project object */;
}
